
Microsoft Visual Studio Solution File, Format Version 12.00
# Visual Studio 15
VisualStudioVersion = 15.0.26403.7
MinimumVisualStudioVersion = 10.0.40219.1
Project("{FAE04EC0-301F-11D3-BF4B-00C04F79EFBC}") = "Web", "Web\Web.csproj", "{4BE762F7-BF90-4E2E-8D64-1B69889282F1}"
EndProject
Project("{FAE04EC0-301F-11D3-BF4B-00C04F79EFBC}") = "Model", "Model\Model.csproj", "{F1B193C5-2B09-4D8D-AECD-FBB32E863E2E}"
EndProject
Project("{FAE04EC0-301F-11D3-BF4B-00C04F79EFBC}") = "DAL", "DAL\DAL.csproj", "{F973441F-D62B-4DF9-9861-7DF3A98BAA02}"
EndProject
Project("{FAE04EC0-301F-11D3-BF4B-00C04F79EFBC}") = "BLL", "BLL\BLL.csproj", "{31C7F34F-09B0-4220-85FC-020818CC7FFB}"
EndProject
Project("{FAE04EC0-301F-11D3-BF4B-00C04F79EFBC}") = "Common", "Common\Common.csproj", "{187483AF-2C48-43E7-BF1B-0E7A22510FF5}"
EndProject
Global
	GlobalSection(SolutionConfigurationPlatforms) = preSolution
		Debug|Any CPU = Debug|Any CPU
		Release|Any CPU = Release|Any CPU
	EndGlobalSection
	GlobalSection(ProjectConfigurationPlatforms) = postSolution
		{4BE762F7-BF90-4E2E-8D64-1B69889282F1}.Debug|Any CPU.ActiveCfg = Debug|Any CPU
		{4BE762F7-BF90-4E2E-8D64-1B69889282F1}.Debug|Any CPU.Build.0 = Debug|Any CPU
		{4BE762F7-BF90-4E2E-8D64-1B69889282F1}.Release|Any CPU.ActiveCfg = Release|Any CPU
		{4BE762F7-BF90-4E2E-8D64-1B69889282F1}.Release|Any CPU.Build.0 = Release|Any CPU
		{F1B193C5-2B09-4D8D-AECD-FBB32E863E2E}.Debug|Any CPU.ActiveCfg = Debug|Any CPU
		{F1B193C5-2B09-4D8D-AECD-FBB32E863E2E}.Debug|Any CPU.Build.0 = Debug|Any CPU
		{F1B193C5-2B09-4D8D-AECD-FBB32E863E2E}.Release|Any CPU.ActiveCfg = Release|Any CPU
		{F1B193C5-2B09-4D8D-AECD-FBB32E863E2E}.Release|Any CPU.Build.0 = Release|Any CPU
		{F973441F-D62B-4DF9-9861-7DF3A98BAA02}.Debug|Any CPU.ActiveCfg = Debug|Any CPU
		{F973441F-D62B-4DF9-9861-7DF3A98BAA02}.Debug|Any CPU.Build.0 = Debug|Any CPU
		{F973441F-D62B-4DF9-9861-7DF3A98BAA02}.Release|Any CPU.ActiveCfg = Release|Any CPU
		{F973441F-D62B-4DF9-9861-7DF3A98BAA02}.Release|Any CPU.Build.0 = Release|Any CPU
		{31C7F34F-09B0-4220-85FC-020818CC7FFB}.Debug|Any CPU.ActiveCfg = Debug|Any CPU
		{31C7F34F-09B0-4220-85FC-020818CC7FFB}.Debug|Any CPU.Build.0 = Debug|Any CPU
		{31C7F34F-09B0-4220-85FC-020818CC7FFB}.Release|Any CPU.ActiveCfg = Release|Any CPU
		{31C7F34F-09B0-4220-85FC-020818CC7FFB}.Release|Any CPU.Build.0 = Release|Any CPU
		{187483AF-2C48-43E7-BF1B-0E7A22510FF5}.Debug|Any CPU.ActiveCfg = Debug|Any CPU
		{187483AF-2C48-43E7-BF1B-0E7A22510FF5}.Debug|Any CPU.Build.0 = Debug|Any CPU
		{187483AF-2C48-43E7-BF1B-0E7A22510FF5}.Release|Any CPU.ActiveCfg = Release|Any CPU
		{187483AF-2C48-43E7-BF1B-0E7A22510FF5}.Release|Any CPU.Build.0 = Release|Any CPU
	EndGlobalSection
	GlobalSection(SolutionProperties) = preSolution
		HideSolutionNode = FALSE
	EndGlobalSection
EndGlobal
